// !$*UTF8*$!
{
	archiveVersion = 1;
	classes = {
	};
	objectVersion = 50;
	objects = {

/* Begin PBXBuildFile section */
		D307063222F3FB6C00D300F8 /* Array+isNotEmpty.swift in Sources */ = {isa = PBXBuildFile; fileRef = D307063122F3FB6C00D300F8 /* Array+isNotEmpty.swift */; };
		D37CDCE222F3D91500CF9E21 /* EasyAutoLayout.framework in Frameworks */ = {isa = PBXBuildFile; fileRef = D37CDCD822F3D91500CF9E21 /* EasyAutoLayout.framework */; };
		D37CDCE722F3D91500CF9E21 /* EasyAutoLayoutTests.swift in Sources */ = {isa = PBXBuildFile; fileRef = D37CDCE622F3D91500CF9E21 /* EasyAutoLayoutTests.swift */; };
		D37CDCE922F3D91500CF9E21 /* EasyAutoLayout.h in Headers */ = {isa = PBXBuildFile; fileRef = D37CDCDB22F3D91500CF9E21 /* EasyAutoLayout.h */; settings = {ATTRIBUTES = (Public, ); }; };
		D37CDCF922F3D97F00CF9E21 /* AppDelegate.swift in Sources */ = {isa = PBXBuildFile; fileRef = D37CDCF822F3D97F00CF9E21 /* AppDelegate.swift */; };
		D37CDCFB22F3D97F00CF9E21 /* ViewController.swift in Sources */ = {isa = PBXBuildFile; fileRef = D37CDCFA22F3D97F00CF9E21 /* ViewController.swift */; };
		D37CDCFE22F3D97F00CF9E21 /* Main.storyboard in Resources */ = {isa = PBXBuildFile; fileRef = D37CDCFC22F3D97F00CF9E21 /* Main.storyboard */; };
		D37CDD0022F3D98000CF9E21 /* Assets.xcassets in Resources */ = {isa = PBXBuildFile; fileRef = D37CDCFF22F3D98000CF9E21 /* Assets.xcassets */; };
		D37CDD0322F3D98000CF9E21 /* LaunchScreen.storyboard in Resources */ = {isa = PBXBuildFile; fileRef = D37CDD0122F3D98000CF9E21 /* LaunchScreen.storyboard */; };
		D37CDD0E22F3D98000CF9E21 /* DemoTests.swift in Sources */ = {isa = PBXBuildFile; fileRef = D37CDD0D22F3D98000CF9E21 /* DemoTests.swift */; };
		D37CDD1722F3D99D00CF9E21 /* EasyAutoLayout.swift in Sources */ = {isa = PBXBuildFile; fileRef = D37CDD1622F3D99D00CF9E21 /* EasyAutoLayout.swift */; };
		D37CDD1822F3EDB700CF9E21 /* EasyAutoLayout.framework in Frameworks */ = {isa = PBXBuildFile; fileRef = D37CDCD822F3D91500CF9E21 /* EasyAutoLayout.framework */; };
		D37CDD1922F3EDB700CF9E21 /* EasyAutoLayout.framework in Embed Frameworks */ = {isa = PBXBuildFile; fileRef = D37CDCD822F3D91500CF9E21 /* EasyAutoLayout.framework */; settings = {ATTRIBUTES = (CodeSignOnCopy, RemoveHeadersOnCopy, ); }; };
/* End PBXBuildFile section */

/* Begin PBXContainerItemProxy section */
		D37CDCE322F3D91500CF9E21 /* PBXContainerItemProxy */ = {
			isa = PBXContainerItemProxy;
			containerPortal = D37CDCCF22F3D91500CF9E21 /* Project object */;
			proxyType = 1;
			remoteGlobalIDString = D37CDCD722F3D91500CF9E21;
			remoteInfo = EasyAutoLayout;
		};
		D37CDD0A22F3D98000CF9E21 /* PBXContainerItemProxy */ = {
			isa = PBXContainerItemProxy;
			containerPortal = D37CDCCF22F3D91500CF9E21 /* Project object */;
			proxyType = 1;
			remoteGlobalIDString = D37CDCF522F3D97F00CF9E21;
			remoteInfo = Demo;
		};
		D37CDD1A22F3EDB700CF9E21 /* PBXContainerItemProxy */ = {
			isa = PBXContainerItemProxy;
			containerPortal = D37CDCCF22F3D91500CF9E21 /* Project object */;
			proxyType = 1;
			remoteGlobalIDString = D37CDCD722F3D91500CF9E21;
			remoteInfo = EasyAutoLayout;
		};
/* End PBXContainerItemProxy section */

/* Begin PBXCopyFilesBuildPhase section */
		D37CDD1C22F3EDB700CF9E21 /* Embed Frameworks */ = {
			isa = PBXCopyFilesBuildPhase;
			buildActionMask = 2147483647;
			dstPath = "";
			dstSubfolderSpec = 10;
			files = (
				D37CDD1922F3EDB700CF9E21 /* EasyAutoLayout.framework in Embed Frameworks */,
			);
			name = "Embed Frameworks";
			runOnlyForDeploymentPostprocessing = 0;
		};
/* End PBXCopyFilesBuildPhase section */

/* Begin PBXFileReference section */
		D307063122F3FB6C00D300F8 /* Array+isNotEmpty.swift */ = {isa = PBXFileReference; lastKnownFileType = sourcecode.swift; path = "Array+isNotEmpty.swift"; sourceTree = "<group>"; };
		D37CDCD822F3D91500CF9E21 /* EasyAutoLayout.framework */ = {isa = PBXFileReference; explicitFileType = wrapper.framework; includeInIndex = 0; path = EasyAutoLayout.framework; sourceTree = BUILT_PRODUCTS_DIR; };
		D37CDCDB22F3D91500CF9E21 /* EasyAutoLayout.h */ = {isa = PBXFileReference; lastKnownFileType = sourcecode.c.h; path = EasyAutoLayout.h; sourceTree = "<group>"; };
		D37CDCDC22F3D91500CF9E21 /* Info.plist */ = {isa = PBXFileReference; lastKnownFileType = text.plist.xml; path = Info.plist; sourceTree = "<group>"; };
		D37CDCE122F3D91500CF9E21 /* EasyAutoLayoutTests.xctest */ = {isa = PBXFileReference; explicitFileType = wrapper.cfbundle; includeInIndex = 0; path = EasyAutoLayoutTests.xctest; sourceTree = BUILT_PRODUCTS_DIR; };
		D37CDCE622F3D91500CF9E21 /* EasyAutoLayoutTests.swift */ = {isa = PBXFileReference; lastKnownFileType = sourcecode.swift; path = EasyAutoLayoutTests.swift; sourceTree = "<group>"; };
		D37CDCE822F3D91500CF9E21 /* Info.plist */ = {isa = PBXFileReference; lastKnownFileType = text.plist.xml; path = Info.plist; sourceTree = "<group>"; };
		D37CDCF622F3D97F00CF9E21 /* Demo.app */ = {isa = PBXFileReference; explicitFileType = wrapper.application; includeInIndex = 0; path = Demo.app; sourceTree = BUILT_PRODUCTS_DIR; };
		D37CDCF822F3D97F00CF9E21 /* AppDelegate.swift */ = {isa = PBXFileReference; lastKnownFileType = sourcecode.swift; path = AppDelegate.swift; sourceTree = "<group>"; };
		D37CDCFA22F3D97F00CF9E21 /* ViewController.swift */ = {isa = PBXFileReference; lastKnownFileType = sourcecode.swift; path = ViewController.swift; sourceTree = "<group>"; };
		D37CDCFD22F3D97F00CF9E21 /* Base */ = {isa = PBXFileReference; lastKnownFileType = file.storyboard; name = Base; path = Base.lproj/Main.storyboard; sourceTree = "<group>"; };
		D37CDCFF22F3D98000CF9E21 /* Assets.xcassets */ = {isa = PBXFileReference; lastKnownFileType = folder.assetcatalog; path = Assets.xcassets; sourceTree = "<group>"; };
		D37CDD0222F3D98000CF9E21 /* Base */ = {isa = PBXFileReference; lastKnownFileType = file.storyboard; name = Base; path = Base.lproj/LaunchScreen.storyboard; sourceTree = "<group>"; };
		D37CDD0422F3D98000CF9E21 /* Info.plist */ = {isa = PBXFileReference; lastKnownFileType = text.plist.xml; path = Info.plist; sourceTree = "<group>"; };
		D37CDD0922F3D98000CF9E21 /* DemoTests.xctest */ = {isa = PBXFileReference; explicitFileType = wrapper.cfbundle; includeInIndex = 0; path = DemoTests.xctest; sourceTree = BUILT_PRODUCTS_DIR; };
		D37CDD0D22F3D98000CF9E21 /* DemoTests.swift */ = {isa = PBXFileReference; lastKnownFileType = sourcecode.swift; path = DemoTests.swift; sourceTree = "<group>"; };
		D37CDD0F22F3D98000CF9E21 /* Info.plist */ = {isa = PBXFileReference; lastKnownFileType = text.plist.xml; path = Info.plist; sourceTree = "<group>"; };
		D37CDD1622F3D99D00CF9E21 /* EasyAutoLayout.swift */ = {isa = PBXFileReference; lastKnownFileType = sourcecode.swift; path = EasyAutoLayout.swift; sourceTree = "<group>"; };
/* End PBXFileReference section */

/* Begin PBXFrameworksBuildPhase section */
		D37CDCD522F3D91500CF9E21 /* Frameworks */ = {
			isa = PBXFrameworksBuildPhase;
			buildActionMask = 2147483647;
			files = (
			);
			runOnlyForDeploymentPostprocessing = 0;
		};
		D37CDCDE22F3D91500CF9E21 /* Frameworks */ = {
			isa = PBXFrameworksBuildPhase;
			buildActionMask = 2147483647;
			files = (
				D37CDCE222F3D91500CF9E21 /* EasyAutoLayout.framework in Frameworks */,
			);
			runOnlyForDeploymentPostprocessing = 0;
		};
		D37CDCF322F3D97F00CF9E21 /* Frameworks */ = {
			isa = PBXFrameworksBuildPhase;
			buildActionMask = 2147483647;
			files = (
				D37CDD1822F3EDB700CF9E21 /* EasyAutoLayout.framework in Frameworks */,
			);
			runOnlyForDeploymentPostprocessing = 0;
		};
		D37CDD0622F3D98000CF9E21 /* Frameworks */ = {
			isa = PBXFrameworksBuildPhase;
			buildActionMask = 2147483647;
			files = (
			);
			runOnlyForDeploymentPostprocessing = 0;
		};
/* End PBXFrameworksBuildPhase section */

/* Begin PBXGroup section */
		D37CDCCE22F3D91500CF9E21 = {
			isa = PBXGroup;
			children = (
				D37CDCDA22F3D91500CF9E21 /* EasyAutoLayout */,
				D37CDCE522F3D91500CF9E21 /* EasyAutoLayoutTests */,
				D37CDCF722F3D97F00CF9E21 /* Demo */,
				D37CDD0C22F3D98000CF9E21 /* DemoTests */,
				D37CDCD922F3D91500CF9E21 /* Products */,
			);
			sourceTree = "<group>";
		};
		D37CDCD922F3D91500CF9E21 /* Products */ = {
			isa = PBXGroup;
			children = (
				D37CDCD822F3D91500CF9E21 /* EasyAutoLayout.framework */,
				D37CDCE122F3D91500CF9E21 /* EasyAutoLayoutTests.xctest */,
				D37CDCF622F3D97F00CF9E21 /* Demo.app */,
				D37CDD0922F3D98000CF9E21 /* DemoTests.xctest */,
			);
			name = Products;
			sourceTree = "<group>";
		};
		D37CDCDA22F3D91500CF9E21 /* EasyAutoLayout */ = {
			isa = PBXGroup;
			children = (
				D37CDCDB22F3D91500CF9E21 /* EasyAutoLayout.h */,
				D37CDCDC22F3D91500CF9E21 /* Info.plist */,
				D37CDD1622F3D99D00CF9E21 /* EasyAutoLayout.swift */,
				D307063122F3FB6C00D300F8 /* Array+isNotEmpty.swift */,
			);
			path = EasyAutoLayout;
			sourceTree = "<group>";
		};
		D37CDCE522F3D91500CF9E21 /* EasyAutoLayoutTests */ = {
			isa = PBXGroup;
			children = (
				D37CDCE622F3D91500CF9E21 /* EasyAutoLayoutTests.swift */,
				D37CDCE822F3D91500CF9E21 /* Info.plist */,
			);
			path = EasyAutoLayoutTests;
			sourceTree = "<group>";
		};
		D37CDCF722F3D97F00CF9E21 /* Demo */ = {
			isa = PBXGroup;
			children = (
				D37CDCF822F3D97F00CF9E21 /* AppDelegate.swift */,
				D37CDCFA22F3D97F00CF9E21 /* ViewController.swift */,
				D37CDCFC22F3D97F00CF9E21 /* Main.storyboard */,
				D37CDCFF22F3D98000CF9E21 /* Assets.xcassets */,
				D37CDD0122F3D98000CF9E21 /* LaunchScreen.storyboard */,
				D37CDD0422F3D98000CF9E21 /* Info.plist */,
			);
			path = Demo;
			sourceTree = "<group>";
		};
		D37CDD0C22F3D98000CF9E21 /* DemoTests */ = {
			isa = PBXGroup;
			children = (
				D37CDD0D22F3D98000CF9E21 /* DemoTests.swift */,
				D37CDD0F22F3D98000CF9E21 /* Info.plist */,
			);
			path = DemoTests;
			sourceTree = "<group>";
		};
/* End PBXGroup section */

/* Begin PBXHeadersBuildPhase section */
		D37CDCD322F3D91500CF9E21 /* Headers */ = {
			isa = PBXHeadersBuildPhase;
			buildActionMask = 2147483647;
			files = (
				D37CDCE922F3D91500CF9E21 /* EasyAutoLayout.h in Headers */,
			);
			runOnlyForDeploymentPostprocessing = 0;
		};
/* End PBXHeadersBuildPhase section */

/* Begin PBXNativeTarget section */
		D37CDCD722F3D91500CF9E21 /* EasyAutoLayout */ = {
			isa = PBXNativeTarget;
			buildConfigurationList = D37CDCEC22F3D91500CF9E21 /* Build configuration list for PBXNativeTarget "EasyAutoLayout" */;
			buildPhases = (
				D37CDCD322F3D91500CF9E21 /* Headers */,
				D37CDCD422F3D91500CF9E21 /* Sources */,
				D37CDCD522F3D91500CF9E21 /* Frameworks */,
				D37CDCD622F3D91500CF9E21 /* Resources */,
			);
			buildRules = (
			);
			dependencies = (
			);
			name = EasyAutoLayout;
			productName = EasyAutoLayout;
			productReference = D37CDCD822F3D91500CF9E21 /* EasyAutoLayout.framework */;
			productType = "com.apple.product-type.framework";
		};
		D37CDCE022F3D91500CF9E21 /* EasyAutoLayoutTests */ = {
			isa = PBXNativeTarget;
			buildConfigurationList = D37CDCEF22F3D91500CF9E21 /* Build configuration list for PBXNativeTarget "EasyAutoLayoutTests" */;
			buildPhases = (
				D37CDCDD22F3D91500CF9E21 /* Sources */,
				D37CDCDE22F3D91500CF9E21 /* Frameworks */,
				D37CDCDF22F3D91500CF9E21 /* Resources */,
			);
			buildRules = (
			);
			dependencies = (
				D37CDCE422F3D91500CF9E21 /* PBXTargetDependency */,
			);
			name = EasyAutoLayoutTests;
			productName = EasyAutoLayoutTests;
			productReference = D37CDCE122F3D91500CF9E21 /* EasyAutoLayoutTests.xctest */;
			productType = "com.apple.product-type.bundle.unit-test";
		};
		D37CDCF522F3D97F00CF9E21 /* Demo */ = {
			isa = PBXNativeTarget;
			buildConfigurationList = D37CDD1022F3D98000CF9E21 /* Build configuration list for PBXNativeTarget "Demo" */;
			buildPhases = (
				D37CDCF222F3D97F00CF9E21 /* Sources */,
				D37CDCF322F3D97F00CF9E21 /* Frameworks */,
				D37CDCF422F3D97F00CF9E21 /* Resources */,
				D37CDD1C22F3EDB700CF9E21 /* Embed Frameworks */,
			);
			buildRules = (
			);
			dependencies = (
				D37CDD1B22F3EDB700CF9E21 /* PBXTargetDependency */,
			);
			name = Demo;
			productName = Demo;
			productReference = D37CDCF622F3D97F00CF9E21 /* Demo.app */;
			productType = "com.apple.product-type.application";
		};
		D37CDD0822F3D98000CF9E21 /* DemoTests */ = {
			isa = PBXNativeTarget;
			buildConfigurationList = D37CDD1322F3D98000CF9E21 /* Build configuration list for PBXNativeTarget "DemoTests" */;
			buildPhases = (
				D37CDD0522F3D98000CF9E21 /* Sources */,
				D37CDD0622F3D98000CF9E21 /* Frameworks */,
				D37CDD0722F3D98000CF9E21 /* Resources */,
			);
			buildRules = (
			);
			dependencies = (
				D37CDD0B22F3D98000CF9E21 /* PBXTargetDependency */,
			);
			name = DemoTests;
			productName = DemoTests;
			productReference = D37CDD0922F3D98000CF9E21 /* DemoTests.xctest */;
			productType = "com.apple.product-type.bundle.unit-test";
		};
/* End PBXNativeTarget section */

/* Begin PBXProject section */
		D37CDCCF22F3D91500CF9E21 /* Project object */ = {
			isa = PBXProject;
			attributes = {
				LastSwiftUpdateCheck = 1030;
				LastUpgradeCheck = 1030;
				ORGANIZATIONNAME = "Fumiya Tanaka";
				TargetAttributes = {
					D37CDCD722F3D91500CF9E21 = {
						CreatedOnToolsVersion = 10.3;
						LastSwiftMigration = 1030;
					};
					D37CDCE022F3D91500CF9E21 = {
						CreatedOnToolsVersion = 10.3;
					};
					D37CDCF522F3D97F00CF9E21 = {
						CreatedOnToolsVersion = 10.3;
					};
					D37CDD0822F3D98000CF9E21 = {
						CreatedOnToolsVersion = 10.3;
						TestTargetID = D37CDCF522F3D97F00CF9E21;
					};
				};
			};
			buildConfigurationList = D37CDCD222F3D91500CF9E21 /* Build configuration list for PBXProject "EasyAutoLayout" */;
			compatibilityVersion = "Xcode 9.3";
			developmentRegion = en;
			hasScannedForEncodings = 0;
			knownRegions = (
				en,
				Base,
			);
			mainGroup = D37CDCCE22F3D91500CF9E21;
			productRefGroup = D37CDCD922F3D91500CF9E21 /* Products */;
			projectDirPath = "";
			projectRoot = "";
			targets = (
				D37CDCD722F3D91500CF9E21 /* EasyAutoLayout */,
				D37CDCE022F3D91500CF9E21 /* EasyAutoLayoutTests */,
				D37CDCF522F3D97F00CF9E21 /* Demo */,
				D37CDD0822F3D98000CF9E21 /* DemoTests */,
			);
		};
/* End PBXProject section */

/* Begin PBXResourcesBuildPhase section */
		D37CDCD622F3D91500CF9E21 /* Resources */ = {
			isa = PBXResourcesBuildPhase;
			buildActionMask = 2147483647;
			files = (
			);
			runOnlyForDeploymentPostprocessing = 0;
		};
		D37CDCDF22F3D91500CF9E21 /* Resources */ = {
			isa = PBXResourcesBuildPhase;
			buildActionMask = 2147483647;
			files = (
			);
			runOnlyForDeploymentPostprocessing = 0;
		};
		D37CDCF422F3D97F00CF9E21 /* Resources */ = {
			isa = PBXResourcesBuildPhase;
			buildActionMask = 2147483647;
			files = (
				D37CDD0322F3D98000CF9E21 /* LaunchScreen.storyboard in Resources */,
				D37CDD0022F3D98000CF9E21 /* Assets.xcassets in Resources */,
				D37CDCFE22F3D97F00CF9E21 /* Main.storyboard in Resources */,
			);
			runOnlyForDeploymentPostprocessing = 0;
		};
		D37CDD0722F3D98000CF9E21 /* Resources */ = {
			isa = PBXResourcesBuildPhase;
			buildActionMask = 2147483647;
			files = (
			);
			runOnlyForDeploymentPostprocessing = 0;
		};
/* End PBXResourcesBuildPhase section */

/* Begin PBXSourcesBuildPhase section */
		D37CDCD422F3D91500CF9E21 /* Sources */ = {
			isa = PBXSourcesBuildPhase;
			buildActionMask = 2147483647;
			files = (
				D37CDD1722F3D99D00CF9E21 /* EasyAutoLayout.swift in Sources */,
				D307063222F3FB6C00D300F8 /* Array+isNotEmpty.swift in Sources */,
			);
			runOnlyForDeploymentPostprocessing = 0;
		};
		D37CDCDD22F3D91500CF9E21 /* Sources */ = {
			isa = PBXSourcesBuildPhase;
			buildActionMask = 2147483647;
			files = (
				D37CDCE722F3D91500CF9E21 /* EasyAutoLayoutTests.swift in Sources */,
			);
			runOnlyForDeploymentPostprocessing = 0;
		};
		D37CDCF222F3D97F00CF9E21 /* Sources */ = {
			isa = PBXSourcesBuildPhase;
			buildActionMask = 2147483647;
			files = (
				D37CDCFB22F3D97F00CF9E21 /* ViewController.swift in Sources */,
				D37CDCF922F3D97F00CF9E21 /* AppDelegate.swift in Sources */,
			);
			runOnlyForDeploymentPostprocessing = 0;
		};
		D37CDD0522F3D98000CF9E21 /* Sources */ = {
			isa = PBXSourcesBuildPhase;
			buildActionMask = 2147483647;
			files = (
				D37CDD0E22F3D98000CF9E21 /* DemoTests.swift in Sources */,
			);
			runOnlyForDeploymentPostprocessing = 0;
		};
/* End PBXSourcesBuildPhase section */

/* Begin PBXTargetDependency section */
		D37CDCE422F3D91500CF9E21 /* PBXTargetDependency */ = {
			isa = PBXTargetDependency;
			target = D37CDCD722F3D91500CF9E21 /* EasyAutoLayout */;
			targetProxy = D37CDCE322F3D91500CF9E21 /* PBXContainerItemProxy */;
		};
		D37CDD0B22F3D98000CF9E21 /* PBXTargetDependency */ = {
			isa = PBXTargetDependency;
			target = D37CDCF522F3D97F00CF9E21 /* Demo */;
			targetProxy = D37CDD0A22F3D98000CF9E21 /* PBXContainerItemProxy */;
		};
		D37CDD1B22F3EDB700CF9E21 /* PBXTargetDependency */ = {
			isa = PBXTargetDependency;
			target = D37CDCD722F3D91500CF9E21 /* EasyAutoLayout */;
			targetProxy = D37CDD1A22F3EDB700CF9E21 /* PBXContainerItemProxy */;
		};
/* End PBXTargetDependency section */

/* Begin PBXVariantGroup section */
		D37CDCFC22F3D97F00CF9E21 /* Main.storyboard */ = {
			isa = PBXVariantGroup;
			children = (
				D37CDCFD22F3D97F00CF9E21 /* Base */,
			);
			name = Main.storyboard;
			sourceTree = "<group>";
		};
		D37CDD0122F3D98000CF9E21 /* LaunchScreen.storyboard */ = {
			isa = PBXVariantGroup;
			children = (
				D37CDD0222F3D98000CF9E21 /* Base */,
			);
			name = LaunchScreen.storyboard;
			sourceTree = "<group>";
		};
/* End PBXVariantGroup section */

/* Begin XCBuildConfiguration section */
		D37CDCEA22F3D91500CF9E21 /* Debug */ = {
			isa = XCBuildConfiguration;
			buildSettings = {
				ALWAYS_SEARCH_USER_PATHS = NO;
				CLANG_ANALYZER_NONNULL = YES;
				CLANG_ANALYZER_NUMBER_OBJECT_CONVERSION = YES_AGGRESSIVE;
				CLANG_CXX_LANGUAGE_STANDARD = "gnu++14";
				CLANG_CXX_LIBRARY = "libc++";
				CLANG_ENABLE_MODULES = YES;
				CLANG_ENABLE_OBJC_ARC = YES;
				CLANG_ENABLE_OBJC_WEAK = YES;
				CLANG_WARN_BLOCK_CAPTURE_AUTORELEASING = YES;
				CLANG_WARN_BOOL_CONVERSION = YES;
				CLANG_WARN_COMMA = YES;
				CLANG_WARN_CONSTANT_CONVERSION = YES;
				CLANG_WARN_DEPRECATED_OBJC_IMPLEMENTATIONS = YES;
				CLANG_WARN_DIRECT_OBJC_ISA_USAGE = YES_ERROR;
				CLANG_WARN_DOCUMENTATION_COMMENTS = YES;
				CLANG_WARN_EMPTY_BODY = YES;
				CLANG_WARN_ENUM_CONVERSION = YES;
				CLANG_WARN_INFINITE_RECURSION = YES;
				CLANG_WARN_INT_CONVERSION = YES;
				CLANG_WARN_NON_LITERAL_NULL_CONVERSION = YES;
				CLANG_WARN_OBJC_IMPLICIT_RETAIN_SELF = YES;
				CLANG_WARN_OBJC_LITERAL_CONVERSION = YES;
				CLANG_WARN_OBJC_ROOT_CLASS = YES_ERROR;
				CLANG_WARN_RANGE_LOOP_ANALYSIS = YES;
				CLANG_WARN_STRICT_PROTOTYPES = YES;
				CLANG_WARN_SUSPICIOUS_MOVE = YES;
				CLANG_WARN_UNGUARDED_AVAILABILITY = YES_AGGRESSIVE;
				CLANG_WARN_UNREACHABLE_CODE = YES;
				CLANG_WARN__DUPLICATE_METHOD_MATCH = YES;
				CODE_SIGN_IDENTITY = "iPhone Developer";
				COPY_PHASE_STRIP = NO;
				CURRENT_PROJECT_VERSION = 1;
				DEBUG_INFORMATION_FORMAT = dwarf;
				ENABLE_STRICT_OBJC_MSGSEND = YES;
				ENABLE_TESTABILITY = YES;
				GCC_C_LANGUAGE_STANDARD = gnu11;
				GCC_DYNAMIC_NO_PIC = NO;
				GCC_NO_COMMON_BLOCKS = YES;
				GCC_OPTIMIZATION_LEVEL = 0;
				GCC_PREPROCESSOR_DEFINITIONS = (
					"DEBUG=1",
					"$(inherited)",
				);
				GCC_WARN_64_TO_32_BIT_CONVERSION = YES;
				GCC_WARN_ABOUT_RETURN_TYPE = YES_ERROR;
				GCC_WARN_UNDECLARED_SELECTOR = YES;
				GCC_WARN_UNINITIALIZED_AUTOS = YES_AGGRESSIVE;
				GCC_WARN_UNUSED_FUNCTION = YES;
				GCC_WARN_UNUSED_VARIABLE = YES;
				IPHONEOS_DEPLOYMENT_TARGET = 12.4;
				MTL_ENABLE_DEBUG_INFO = INCLUDE_SOURCE;
				MTL_FAST_MATH = YES;
				ONLY_ACTIVE_ARCH = YES;
				SDKROOT = iphoneos;
				SWIFT_ACTIVE_COMPILATION_CONDITIONS = DEBUG;
				SWIFT_OPTIMIZATION_LEVEL = "-Onone";
				VERSIONING_SYSTEM = "apple-generic";
				VERSION_INFO_PREFIX = "";
			};
			name = Debug;
		};
		D37CDCEB22F3D91500CF9E21 /* Release */ = {
			isa = XCBuildConfiguration;
			buildSettings = {
				ALWAYS_SEARCH_USER_PATHS = NO;
				CLANG_ANALYZER_NONNULL = YES;
				CLANG_ANALYZER_NUMBER_OBJECT_CONVERSION = YES_AGGRESSIVE;
				CLANG_CXX_LANGUAGE_STANDARD = "gnu++14";
				CLANG_CXX_LIBRARY = "libc++";
				CLANG_ENABLE_MODULES = YES;
				CLANG_ENABLE_OBJC_ARC = YES;
				CLANG_ENABLE_OBJC_WEAK = YES;
				CLANG_WARN_BLOCK_CAPTURE_AUTORELEASING = YES;
				CLANG_WARN_BOOL_CONVERSION = YES;
				CLANG_WARN_COMMA = YES;
				CLANG_WARN_CONSTANT_CONVERSION = YES;
				CLANG_WARN_DEPRECATED_OBJC_IMPLEMENTATIONS = YES;
				CLANG_WARN_DIRECT_OBJC_ISA_USAGE = YES_ERROR;
				CLANG_WARN_DOCUMENTATION_COMMENTS = YES;
				CLANG_WARN_EMPTY_BODY = YES;
				CLANG_WARN_ENUM_CONVERSION = YES;
				CLANG_WARN_INFINITE_RECURSION = YES;
				CLANG_WARN_INT_CONVERSION = YES;
				CLANG_WARN_NON_LITERAL_NULL_CONVERSION = YES;
				CLANG_WARN_OBJC_IMPLICIT_RETAIN_SELF = YES;
				CLANG_WARN_OBJC_LITERAL_CONVERSION = YES;
				CLANG_WARN_OBJC_ROOT_CLASS = YES_ERROR;
				CLANG_WARN_RANGE_LOOP_ANALYSIS = YES;
				CLANG_WARN_STRICT_PROTOTYPES = YES;
				CLANG_WARN_SUSPICIOUS_MOVE = YES;
				CLANG_WARN_UNGUARDED_AVAILABILITY = YES_AGGRESSIVE;
				CLANG_WARN_UNREACHABLE_CODE = YES;
				CLANG_WARN__DUPLICATE_METHOD_MATCH = YES;
				CODE_SIGN_IDENTITY = "iPhone Developer";
				COPY_PHASE_STRIP = NO;
				CURRENT_PROJECT_VERSION = 1;
				DEBUG_INFORMATION_FORMAT = "dwarf-with-dsym";
				ENABLE_NS_ASSERTIONS = NO;
				ENABLE_STRICT_OBJC_MSGSEND = YES;
				GCC_C_LANGUAGE_STANDARD = gnu11;
				GCC_NO_COMMON_BLOCKS = YES;
				GCC_WARN_64_TO_32_BIT_CONVERSION = YES;
				GCC_WARN_ABOUT_RETURN_TYPE = YES_ERROR;
				GCC_WARN_UNDECLARED_SELECTOR = YES;
				GCC_WARN_UNINITIALIZED_AUTOS = YES_AGGRESSIVE;
				GCC_WARN_UNUSED_FUNCTION = YES;
				GCC_WARN_UNUSED_VARIABLE = YES;
				IPHONEOS_DEPLOYMENT_TARGET = 12.4;
				MTL_ENABLE_DEBUG_INFO = NO;
				MTL_FAST_MATH = YES;
				SDKROOT = iphoneos;
				SWIFT_COMPILATION_MODE = wholemodule;
				SWIFT_OPTIMIZATION_LEVEL = "-O";
				VALIDATE_PRODUCT = YES;
				VERSIONING_SYSTEM = "apple-generic";
				VERSION_INFO_PREFIX = "";
			};
			name = Release;
		};
		D37CDCED22F3D91500CF9E21 /* Debug */ = {
			isa = XCBuildConfiguration;
			buildSettings = {
				CLANG_ENABLE_MODULES = YES;
				CODE_SIGN_IDENTITY = "";
				CODE_SIGN_STYLE = Automatic;
				DEFINES_MODULE = YES;
				DEVELOPMENT_TEAM = 2X6AD4W323;
				DYLIB_COMPATIBILITY_VERSION = 1;
				DYLIB_CURRENT_VERSION = 1;
				DYLIB_INSTALL_NAME_BASE = "@rpath";
				INFOPLIST_FILE = EasyAutoLayout/Info.plist;
				INSTALL_PATH = "$(LOCAL_LIBRARY_DIR)/Frameworks";
				LD_RUNPATH_SEARCH_PATHS = (
					"$(inherited)",
					"@executable_path/Frameworks",
					"@loader_path/Frameworks",
				);
				ONLY_ACTIVE_ARCH = YES;
				PRODUCT_BUNDLE_IDENTIFIER = com.fumiya.EasyAutoLayout;
				PRODUCT_NAME = "$(TARGET_NAME:c99extidentifier)";
				SKIP_INSTALL = YES;
				SWIFT_OPTIMIZATION_LEVEL = "-Onone";
				SWIFT_VERSION = 5.0;
				TARGETED_DEVICE_FAMILY = "1,2";
			};
			name = Debug;
		};
		D37CDCEE22F3D91500CF9E21 /* Release */ = {
			isa = XCBuildConfiguration;
			buildSettings = {
				CLANG_ENABLE_MODULES = YES;
				CODE_SIGN_IDENTITY = "";
				CODE_SIGN_STYLE = Automatic;
				DEFINES_MODULE = YES;
				DEVELOPMENT_TEAM = 2X6AD4W323;
				DYLIB_COMPATIBILITY_VERSION = 1;
				DYLIB_CURRENT_VERSION = 1;
				DYLIB_INSTALL_NAME_BASE = "@rpath";
				INFOPLIST_FILE = EasyAutoLayout/Info.plist;
				INSTALL_PATH = "$(LOCAL_LIBRARY_DIR)/Frameworks";
				LD_RUNPATH_SEARCH_PATHS = (
					"$(inherited)",
					"@executable_path/Frameworks",
					"@loader_path/Frameworks",
				);
				PRODUCT_BUNDLE_IDENTIFIER = com.fumiya.EasyAutoLayout;
				PRODUCT_NAME = "$(TARGET_NAME:c99extidentifier)";
				SKIP_INSTALL = YES;
				SWIFT_VERSION = 5.0;
				TARGETED_DEVICE_FAMILY = "1,2";
			};
			name = Release;
		};
		D37CDCF022F3D91500CF9E21 /* Debug */ = {
			isa = XCBuildConfiguration;
			buildSettings = {
				ALWAYS_EMBED_SWIFT_STANDARD_LIBRARIES = YES;
				CODE_SIGN_STYLE = Automatic;
				DEVELOPMENT_TEAM = 2X6AD4W323;
				INFOPLIST_FILE = EasyAutoLayoutTests/Info.plist;
				LD_RUNPATH_SEARCH_PATHS = (
					"$(inherited)",
					"@executable_path/Frameworks",
					"@loader_path/Frameworks",
				);
				PRODUCT_BUNDLE_IDENTIFIER = com.fumiya.EasyAutoLayoutTests;
				PRODUCT_NAME = "$(TARGET_NAME)";
				SWIFT_VERSION = 5.0;
				TARGETED_DEVICE_FAMILY = "1,2";
			};
			name = Debug;
		};
		D37CDCF122F3D91500CF9E21 /* Release */ = {
			isa = XCBuildConfiguration;
			buildSettings = {
				ALWAYS_EMBED_SWIFT_STANDARD_LIBRARIES = YES;
				CODE_SIGN_STYLE = Automatic;
				DEVELOPMENT_TEAM = 2X6AD4W323;
				INFOPLIST_FILE = EasyAutoLayoutTests/Info.plist;
				LD_RUNPATH_SEARCH_PATHS = (
					"$(inherited)",
					"@executable_path/Frameworks",
					"@loader_path/Frameworks",
				);
				PRODUCT_BUNDLE_IDENTIFIER = com.fumiya.EasyAutoLayoutTests;
				PRODUCT_NAME = "$(TARGET_NAME)";
				SWIFT_VERSION = 5.0;
				TARGETED_DEVICE_FAMILY = "1,2";
			};
			name = Release;
		};
		D37CDD1122F3D98000CF9E21 /* Debug */ = {
			isa = XCBuildConfiguration;
			buildSettings = {
				ALWAYS_EMBED_SWIFT_STANDARD_LIBRARIES = YES;
				ASSETCATALOG_COMPILER_APPICON_NAME = AppIcon;
				CODE_SIGN_STYLE = Automatic;
				DEVELOPMENT_TEAM = 2X6AD4W323;
				INFOPLIST_FILE = Demo/Info.plist;
				LD_RUNPATH_SEARCH_PATHS = (
					"$(inherited)",
					"@executable_path/Frameworks",
				);
				ONLY_ACTIVE_ARCH = YES;
				PRODUCT_BUNDLE_IDENTIFIER = com.fumiya.Demo;
				PRODUCT_NAME = "$(TARGET_NAME)";
				SWIFT_VERSION = 5.0;
				TARGETED_DEVICE_FAMILY = "1,2";
			};
			name = Debug;
		};
		D37CDD1222F3D98000CF9E21 /* Release */ = {
			isa = XCBuildConfiguration;
			buildSettings = {
				ALWAYS_EMBED_SWIFT_STANDARD_LIBRARIES = YES;
				ASSETCATALOG_COMPILER_APPICON_NAME = AppIcon;
				CODE_SIGN_STYLE = Automatic;
				DEVELOPMENT_TEAM = 2X6AD4W323;
				INFOPLIST_FILE = Demo/Info.plist;
				LD_RUNPATH_SEARCH_PATHS = (
					"$(inherited)",
					"@executable_path/Frameworks",
				);
				PRODUCT_BUNDLE_IDENTIFIER = com.fumiya.Demo;
				PRODUCT_NAME = "$(TARGET_NAME)";
				SWIFT_VERSION = 5.0;
				TARGETED_DEVICE_FAMILY = "1,2";
			};
			name = Release;
		};
		D37CDD1422F3D98000CF9E21 /* Debug */ = {
			isa = XCBuildConfiguration;
			buildSettings = {
				ALWAYS_EMBED_SWIFT_STANDARD_LIBRARIES = YES;
				BUNDLE_LOADER = "$(TEST_HOST)";
				CODE_SIGN_STYLE = Automatic;
				DEVELOPMENT_TEAM = 2X6AD4W323;
				INFOPLIST_FILE = DemoTests/Info.plist;
				LD_RUNPATH_SEARCH_PATHS = (
					"$(inherited)",
					"@executable_path/Frameworks",
					"@loader_path/Frameworks",
				);
				PRODUCT_BUNDLE_IDENTIFIER = com.fumiya.DemoTests;
				PRODUCT_NAME = "$(TARGET_NAME)";
				SWIFT_VERSION = 5.0;
				TARGETED_DEVICE_FAMILY = "1,2";
				TEST_HOST = "$(BUILT_PRODUCTS_DIR)/Demo.app/Demo";
			};
			name = Debug;
		};
		D37CDD1522F3D98000CF9E21 /* Release */ = {
			isa = XCBuildConfiguration;
			buildSettings = {
				ALWAYS_EMBED_SWIFT_STANDARD_LIBRARIES = YES;
				BUNDLE_LOADER = "$(TEST_HOST)";
				CODE_SIGN_STYLE = Automatic;
				DEVELOPMENT_TEAM = 2X6AD4W323;
				INFOPLIST_FILE = DemoTests/Info.plist;
				LD_RUNPATH_SEARCH_PATHS = (
					"$(inherited)",
					"@executable_path/Frameworks",
					"@loader_path/Frameworks",
				);
				PRODUCT_BUNDLE_IDENTIFIER = com.fumiya.DemoTests;
				PRODUCT_NAME = "$(TARGET_NAME)";
				SWIFT_VERSION = 5.0;
				TARGETED_DEVICE_FAMILY = "1,2";
				TEST_HOST = "$(BUILT_PRODUCTS_DIR)/Demo.app/Demo";
			};
			name = Release;
		};
/* End XCBuildConfiguration section */

/* Begin XCConfigurationList section */
		D37CDCD222F3D91500CF9E21 /* Build configuration list for PBXProject "EasyAutoLayout" */ = {
			isa = XCConfigurationList;
			buildConfigurations = (
				D37CDCEA22F3D91500CF9E21 /* Debug */,
				D37CDCEB22F3D91500CF9E21 /* Release */,
			);
			defaultConfigurationIsVisible = 0;
			defaultConfigurationName = Release;
		};
		D37CDCEC22F3D91500CF9E21 /* Build configuration list for PBXNativeTarget "EasyAutoLayout" */ = {
			isa = XCConfigurationList;
			buildConfigurations = (
				D37CDCED22F3D91500CF9E21 /* Debug */,
				D37CDCEE22F3D91500CF9E21 /* Release */,
			);
			defaultConfigurationIsVisible = 0;
			defaultConfigurationName = Release;
		};
		D37CDCEF22F3D91500CF9E21 /* Build configuration list for PBXNativeTarget "EasyAutoLayoutTests" */ = {
			isa = XCConfigurationList;
			buildConfigurations = (
				D37CDCF022F3D91500CF9E21 /* Debug */,
				D37CDCF122F3D91500CF9E21 /* Release */,
			);
			defaultConfigurationIsVisible = 0;
			defaultConfigurationName = Release;
		};
		D37CDD1022F3D98000CF9E21 /* Build configuration list for PBXNativeTarget "Demo" */ = {
			isa = XCConfigurationList;
			buildConfigurations = (
				D37CDD1122F3D98000CF9E21 /* Debug */,
				D37CDD1222F3D98000CF9E21 /* Release */,
			);
			defaultConfigurationIsVisible = 0;
			defaultConfigurationName = Release;
		};
		D37CDD1322F3D98000CF9E21 /* Build configuration list for PBXNativeTarget "DemoTests" */ = {
			isa = XCConfigurationList;
			buildConfigurations = (
				D37CDD1422F3D98000CF9E21 /* Debug */,
				D37CDD1522F3D98000CF9E21 /* Release */,
			);
			defaultConfigurationIsVisible = 0;
			defaultConfigurationName = Release;
		};
/* End XCConfigurationList section */
	};
	rootObject = D37CDCCF22F3D91500CF9E21 /* Project object */;
}
